
Microsoft Visual Studio Solution File, Format Version 12.00
Project("{FAE04EC0-301F-11D3-BF4B-00C04F79EFBC}") = "askfmArchiver", "askfmArchiver\askfmArchiver.csproj", "{66D95ABB-7853-4D2A-B3DC-B441AB838B46}"
EndProject
Global
	GlobalSection(SolutionConfigurationPlatforms) = preSolution
		Debug|Any CPU = Debug|Any CPU
		Release|Any CPU = Release|Any CPU
	EndGlobalSection
	GlobalSection(ProjectConfigurationPlatforms) = postSolution
		{66D95ABB-7853-4D2A-B3DC-B441AB838B46}.Debug|Any CPU.ActiveCfg = Debug|Any CPU
		{66D95ABB-7853-4D2A-B3DC-B441AB838B46}.Debug|Any CPU.Build.0 = Debug|Any CPU
		{66D95ABB-7853-4D2A-B3DC-B441AB838B46}.Release|Any CPU.ActiveCfg = Release|Any CPU
		{66D95ABB-7853-4D2A-B3DC-B441AB838B46}.Release|Any CPU.Build.0 = Release|Any CPU
	EndGlobalSection
EndGlobal
